# This file was autogenerated by Stack.
# You should not edit this file by hand.
# For more information, please see the documentation at:
#   https://docs.haskellstack.org/en/stable/lock_files

packages:
- completed:
    hackage: aws-lambda-haskell-runtime-2.0.6@sha256:7d40cd0e138c7267488022a090478dcc382d8a67f1f90d124548933b8015aff6,2988
    pantry-tree:
      size: 1493
      sha256: 7ee062a081eaec22da952339343fe49be5ba202e9df71bf50adf837d6e700f27
  original:
    hackage: aws-lambda-haskell-runtime-2.0.6@sha256:7d40cd0e138c7267488022a090478dcc382d8a67f1f90d124548933b8015aff6,2988
snapshots:
- completed:
    size: 532380
    url: https://raw.githubusercontent.com/commercialhaskell/stackage-snapshots/master/lts/16/16.yaml
    sha256: d6b004b095fe2a0b8b14fbc30014ee97e58843b9c9362ddb9244273dda62649e
  original: lts-16.16
